
Microsoft Visual Studio Solution File, Format Version 12.00
# Visual Studio Version 17
VisualStudioVersion = 17.14.36414.22
MinimumVisualStudioVersion = 10.0.40219.1
Project("{FAE04EC0-301F-11D3-BF4B-00C04F79EFBC}") = "ContadorManual.Gui", "Contador Manual\ContadorManual.Gui.csproj", "{48A3C1E2-FD4F-4EDD-9CF1-BF5513B32144}"
EndProject
Global
	GlobalSection(SolutionConfigurationPlatforms) = preSolution
		Debug|Any CPU = Debug|Any CPU
		Release|Any CPU = Release|Any CPU
	EndGlobalSection
	GlobalSection(ProjectConfigurationPlatforms) = postSolution
		{48A3C1E2-FD4F-4EDD-9CF1-BF5513B32144}.Debug|Any CPU.ActiveCfg = Debug|Any CPU
		{48A3C1E2-FD4F-4EDD-9CF1-BF5513B32144}.Debug|Any CPU.Build.0 = Debug|Any CPU
		{48A3C1E2-FD4F-4EDD-9CF1-BF5513B32144}.Release|Any CPU.ActiveCfg = Release|Any CPU
		{48A3C1E2-FD4F-4EDD-9CF1-BF5513B32144}.Release|Any CPU.Build.0 = Release|Any CPU
	EndGlobalSection
	GlobalSection(SolutionProperties) = preSolution
		HideSolutionNode = FALSE
	EndGlobalSection
	GlobalSection(ExtensibilityGlobals) = postSolution
		SolutionGuid = {0576191C-B9EC-42C9-95F7-0C5FC163C2D9}
	EndGlobalSection
EndGlobal
