
Microsoft Visual Studio Solution File, Format Version 12.00
# Visual Studio Version 17
VisualStudioVersion = 17.14.36429.23 d17.14
MinimumVisualStudioVersion = 10.0.40219.1
Project("{FAE04EC0-301F-11D3-BF4B-00C04F79EFBC}") = "practica 14.5", "practica 14.5\practica 14.5.csproj", "{29A0A288-5C61-44E2-A270-AEB5C86E6695}"
EndProject
Global
	GlobalSection(SolutionConfigurationPlatforms) = preSolution
		Debug|Any CPU = Debug|Any CPU
		Release|Any CPU = Release|Any CPU
	EndGlobalSection
	GlobalSection(ProjectConfigurationPlatforms) = postSolution
		{29A0A288-5C61-44E2-A270-AEB5C86E6695}.Debug|Any CPU.ActiveCfg = Debug|Any CPU
		{29A0A288-5C61-44E2-A270-AEB5C86E6695}.Debug|Any CPU.Build.0 = Debug|Any CPU
		{29A0A288-5C61-44E2-A270-AEB5C86E6695}.Release|Any CPU.ActiveCfg = Release|Any CPU
		{29A0A288-5C61-44E2-A270-AEB5C86E6695}.Release|Any CPU.Build.0 = Release|Any CPU
	EndGlobalSection
	GlobalSection(SolutionProperties) = preSolution
		HideSolutionNode = FALSE
	EndGlobalSection
	GlobalSection(ExtensibilityGlobals) = postSolution
		SolutionGuid = {3BF88272-1B07-4151-9BAB-BBAD3C10793C}
	EndGlobalSection
EndGlobal
