
Microsoft Visual Studio Solution File, Format Version 12.00
# Visual Studio Version 17
VisualStudioVersion = 17.14.36414.22 d17.14
MinimumVisualStudioVersion = 10.0.40219.1
Project("{FAE04EC0-301F-11D3-BF4B-00C04F79EFBC}") = "ContadorManual.Gui", "ContadorManual.Gui\ContadorManual.Gui.csproj", "{A87FE558-A1FA-4163-A4E9-EE140EAEB7BB}"
EndProject
Global
	GlobalSection(SolutionConfigurationPlatforms) = preSolution
		Debug|Any CPU = Debug|Any CPU
		Release|Any CPU = Release|Any CPU
	EndGlobalSection
	GlobalSection(ProjectConfigurationPlatforms) = postSolution
		{A87FE558-A1FA-4163-A4E9-EE140EAEB7BB}.Debug|Any CPU.ActiveCfg = Debug|Any CPU
		{A87FE558-A1FA-4163-A4E9-EE140EAEB7BB}.Debug|Any CPU.Build.0 = Debug|Any CPU
		{A87FE558-A1FA-4163-A4E9-EE140EAEB7BB}.Release|Any CPU.ActiveCfg = Release|Any CPU
		{A87FE558-A1FA-4163-A4E9-EE140EAEB7BB}.Release|Any CPU.Build.0 = Release|Any CPU
	EndGlobalSection
	GlobalSection(SolutionProperties) = preSolution
		HideSolutionNode = FALSE
	EndGlobalSection
	GlobalSection(ExtensibilityGlobals) = postSolution
		SolutionGuid = {5EC5718A-FD6D-4F99-ADA1-B2D5CA40D948}
	EndGlobalSection
EndGlobal
